// !$*UTF8*$!
{
	archiveVersion = 1;
	classes = {
	};
	objectVersion = 51;
	objects = {

/* Begin PBXBuildFile section */
		9D081C25EC9A7E84F1E9B3A7 /* Pods_Covid19.framework in Frameworks */ = {isa = PBXBuildFile; fileRef = 2099E0BE8F68B867F069126C /* Pods_Covid19.framework */; };
		E92A5CDE25AE05AF00BFAF70 /* UserFieldsChecker.swift in Sources */ = {isa = PBXBuildFile; fileRef = E92A5CDD25AE05AF00BFAF70 /* UserFieldsChecker.swift */; };
		E92A5CEA25B0C15100BFAF70 /* Dependencies.swift in Sources */ = {isa = PBXBuildFile; fileRef = E92A5CE925B0C15100BFAF70 /* Dependencies.swift */; };
		E92C13722554495500FAB7BD /* Userdata.swift in Sources */ = {isa = PBXBuildFile; fileRef = E92C13712554495500FAB7BD /* Userdata.swift */; };
		E939E00D25619DD100B65AF8 /* Case.swift in Sources */ = {isa = PBXBuildFile; fileRef = E939E00C25619DD100B65AF8 /* Case.swift */; };
		E945F1BF25B9EC500019F6A1 /* EventsManager.swift in Sources */ = {isa = PBXBuildFile; fileRef = E945F1BE25B9EC500019F6A1 /* EventsManager.swift */; };
		E945F643255EE03700BD5293 /* Main.storyboard in Resources */ = {isa = PBXBuildFile; fileRef = E945F642255EE03700BD5293 /* Main.storyboard */; };
		E945F647255EE05000BD5293 /* Cases.storyboard in Resources */ = {isa = PBXBuildFile; fileRef = E945F646255EE05000BD5293 /* Cases.storyboard */; };
		E9700CF425BC57C900781212 /* LoggerService.swift in Sources */ = {isa = PBXBuildFile; fileRef = E9700CF325BC57C900781212 /* LoggerService.swift */; };
		E9700DC625BD9C9400781212 /* GoogleService-Info.plist in Resources */ = {isa = PBXBuildFile; fileRef = E9700DC525BD9C9400781212 /* GoogleService-Info.plist */; };
		E9700DFA25BDA65100781212 /* Login.storyboard in Resources */ = {isa = PBXBuildFile; fileRef = E9700DF925BDA65100781212 /* Login.storyboard */; };
		E9700E2E25BDA90000781212 /* signUpViewController.swift in Sources */ = {isa = PBXBuildFile; fileRef = E9700E2D25BDA90000781212 /* signUpViewController.swift */; };
		E9700E4D25BDE03000781212 /* FirebaseUserdata.swift in Sources */ = {isa = PBXBuildFile; fileRef = E9700E4C25BDE03000781212 /* FirebaseUserdata.swift */; };
		E9700E5125BF46FB00781212 /* Signup.storyboard in Resources */ = {isa = PBXBuildFile; fileRef = E9700E5025BF46FB00781212 /* Signup.storyboard */; };
		E99441A625666EC900DCFE39 /* CaseDetails.storyboard in Resources */ = {isa = PBXBuildFile; fileRef = E99441A525666EC900DCFE39 /* CaseDetails.storyboard */; };
		E99441EE2566C05400DCFE39 /* News.storyboard in Resources */ = {isa = PBXBuildFile; fileRef = E99441E72566C05400DCFE39 /* News.storyboard */; };
		E99441EF2566C05400DCFE39 /* ArticleCell.swift in Sources */ = {isa = PBXBuildFile; fileRef = E99441E82566C05400DCFE39 /* ArticleCell.swift */; };
		E99441F02566C05400DCFE39 /* MenuCell.xib in Resources */ = {isa = PBXBuildFile; fileRef = E99441E92566C05400DCFE39 /* MenuCell.xib */; };
		E99441F12566C05400DCFE39 /* ArticleCell.xib in Resources */ = {isa = PBXBuildFile; fileRef = E99441EA2566C05400DCFE39 /* ArticleCell.xib */; };
		E99441F22566C05400DCFE39 /* MenuCell.swift in Sources */ = {isa = PBXBuildFile; fileRef = E99441EB2566C05400DCFE39 /* MenuCell.swift */; };
		E99441F32566C05400DCFE39 /* News.swift in Sources */ = {isa = PBXBuildFile; fileRef = E99441EC2566C05400DCFE39 /* News.swift */; };
		E99441F42566C05400DCFE39 /* NewsViewController.swift in Sources */ = {isa = PBXBuildFile; fileRef = E99441ED2566C05400DCFE39 /* NewsViewController.swift */; };
		E99442E42568256500DCFE39 /* CaseCell.swift in Sources */ = {isa = PBXBuildFile; fileRef = E99442E22568256500DCFE39 /* CaseCell.swift */; };
		E99442E52568256500DCFE39 /* CaseCell.xib in Resources */ = {isa = PBXBuildFile; fileRef = E99442E32568256500DCFE39 /* CaseCell.xib */; };
		E99DB7CC256EC5EB00E6317D /* TextProcessorService.swift in Sources */ = {isa = PBXBuildFile; fileRef = E99DB7CB256EC5EB00E6317D /* TextProcessorService.swift */; };
		E99DB7CF256EC60500E6317D /* ImageDownloaderService.swift in Sources */ = {isa = PBXBuildFile; fileRef = E99DB7CE256EC60500E6317D /* ImageDownloaderService.swift */; };
		E9A1435A256A949A00A370F4 /* VideoCell.swift in Sources */ = {isa = PBXBuildFile; fileRef = E9A14358256A949A00A370F4 /* VideoCell.swift */; };
		E9A1435B256A949A00A370F4 /* VideoCell.xib in Resources */ = {isa = PBXBuildFile; fileRef = E9A14359256A949A00A370F4 /* VideoCell.xib */; };
		E9B4C57C25B7495300859A03 /* StyleProvider.swift in Sources */ = {isa = PBXBuildFile; fileRef = E9B4C57B25B7495300859A03 /* StyleProvider.swift */; };
		E9B4C58525B8947F00859A03 /* NetworkService.swift in Sources */ = {isa = PBXBuildFile; fileRef = E9B4C58425B8947F00859A03 /* NetworkService.swift */; };
		E9C8E24A256D792100D08966 /* RoundedMediaSource.swift in Sources */ = {isa = PBXBuildFile; fileRef = E9C8E249256D792100D08966 /* RoundedMediaSource.swift */; };
		E9D4278D254BFF4D000CDF5E /* AppDelegate.swift in Sources */ = {isa = PBXBuildFile; fileRef = E9D4278C254BFF4D000CDF5E /* AppDelegate.swift */; };
		E9D4278F254BFF4D000CDF5E /* SceneDelegate.swift in Sources */ = {isa = PBXBuildFile; fileRef = E9D4278E254BFF4D000CDF5E /* SceneDelegate.swift */; };
		E9D42791254BFF4D000CDF5E /* LoginViewController.swift in Sources */ = {isa = PBXBuildFile; fileRef = E9D42790254BFF4D000CDF5E /* LoginViewController.swift */; };
		E9D42796254BFF4F000CDF5E /* Assets.xcassets in Resources */ = {isa = PBXBuildFile; fileRef = E9D42795254BFF4F000CDF5E /* Assets.xcassets */; };
		E9D42803254EDAC6000CDF5E /* ProfileViewController.swift in Sources */ = {isa = PBXBuildFile; fileRef = E9D42802254EDAC6000CDF5E /* ProfileViewController.swift */; };
		E9D4280A254EE267000CDF5E /* CasesViewController.swift in Sources */ = {isa = PBXBuildFile; fileRef = E9D42809254EE267000CDF5E /* CasesViewController.swift */; };
		E9D42818254F061D000CDF5E /* CaseDetailsViewController.swift in Sources */ = {isa = PBXBuildFile; fileRef = E9D42817254F061D000CDF5E /* CaseDetailsViewController.swift */; };
		E9D75C7E256944FC000A6086 /* Video.storyboard in Resources */ = {isa = PBXBuildFile; fileRef = E9D75C7D256944FC000A6086 /* Video.storyboard */; };
		E9D75C8125694AC6000A6086 /* VideosViewController.swift in Sources */ = {isa = PBXBuildFile; fileRef = E9D75C8025694AC6000A6086 /* VideosViewController.swift */; };
		E9D75C8525695035000A6086 /* Video.swift in Sources */ = {isa = PBXBuildFile; fileRef = E9D75C8425695035000A6086 /* Video.swift */; };
		E9D75C8C25697D96000A6086 /* SafariService.swift in Sources */ = {isa = PBXBuildFile; fileRef = E9D75C8B25697D96000A6086 /* SafariService.swift */; };
		E9EBD588255ED45C00B42B93 /* KeychainUserdataService.swift in Sources */ = {isa = PBXBuildFile; fileRef = E9EBD587255ED45C00B42B93 /* KeychainUserdataService.swift */; };
		E9EBD58E255ED97900B42B93 /* LaunchScreen.storyboard in Resources */ = {isa = PBXBuildFile; fileRef = E9EBD58D255ED97900B42B93 /* LaunchScreen.storyboard */; };
		E9F4D806256D559200425BB3 /* RoundedButton.swift in Sources */ = {isa = PBXBuildFile; fileRef = E9F4D805256D559200425BB3 /* RoundedButton.swift */; };
		E9F4D80A256D5B2800425BB3 /* ColoredText.swift in Sources */ = {isa = PBXBuildFile; fileRef = E9F4D809256D5B2800425BB3 /* ColoredText.swift */; };
		E9F5F70E255ECDEC00D3966C /* Profile.storyboard in Resources */ = {isa = PBXBuildFile; fileRef = E9F5F70D255ECDEC00D3966C /* Profile.storyboard */; };
/* End PBXBuildFile section */

/* Begin PBXFileReference section */
		2099E0BE8F68B867F069126C /* Pods_Covid19.framework */ = {isa = PBXFileReference; explicitFileType = wrapper.framework; includeInIndex = 0; path = Pods_Covid19.framework; sourceTree = BUILT_PRODUCTS_DIR; };
		4F1006F9C60C0586671D55D6 /* Pods-Covid19.release.xcconfig */ = {isa = PBXFileReference; includeInIndex = 1; lastKnownFileType = text.xcconfig; name = "Pods-Covid19.release.xcconfig"; path = "Target Support Files/Pods-Covid19/Pods-Covid19.release.xcconfig"; sourceTree = "<group>"; };
		5062B818857154D7D53E6DCE /* Pods-Covid19.debug.xcconfig */ = {isa = PBXFileReference; includeInIndex = 1; lastKnownFileType = text.xcconfig; name = "Pods-Covid19.debug.xcconfig"; path = "Target Support Files/Pods-Covid19/Pods-Covid19.debug.xcconfig"; sourceTree = "<group>"; };
		E92A5CDD25AE05AF00BFAF70 /* UserFieldsChecker.swift */ = {isa = PBXFileReference; lastKnownFileType = sourcecode.swift; path = UserFieldsChecker.swift; sourceTree = "<group>"; };
		E92A5CE925B0C15100BFAF70 /* Dependencies.swift */ = {isa = PBXFileReference; lastKnownFileType = sourcecode.swift; path = Dependencies.swift; sourceTree = "<group>"; };
		E92C13712554495500FAB7BD /* Userdata.swift */ = {isa = PBXFileReference; lastKnownFileType = sourcecode.swift; path = Userdata.swift; sourceTree = "<group>"; };
		E939E00C25619DD100B65AF8 /* Case.swift */ = {isa = PBXFileReference; lastKnownFileType = sourcecode.swift; path = Case.swift; sourceTree = "<group>"; };
		E945F1BE25B9EC500019F6A1 /* EventsManager.swift */ = {isa = PBXFileReference; lastKnownFileType = sourcecode.swift; path = EventsManager.swift; sourceTree = "<group>"; };
		E945F642255EE03700BD5293 /* Main.storyboard */ = {isa = PBXFileReference; fileEncoding = 4; lastKnownFileType = file.storyboard; path = Main.storyboard; sourceTree = "<group>"; };
		E945F646255EE05000BD5293 /* Cases.storyboard */ = {isa = PBXFileReference; fileEncoding = 4; lastKnownFileType = file.storyboard; path = Cases.storyboard; sourceTree = "<group>"; };
		E9700CF325BC57C900781212 /* LoggerService.swift */ = {isa = PBXFileReference; lastKnownFileType = sourcecode.swift; path = LoggerService.swift; sourceTree = "<group>"; };
		E9700DC525BD9C9400781212 /* GoogleService-Info.plist */ = {isa = PBXFileReference; fileEncoding = 4; lastKnownFileType = text.plist.xml; path = "GoogleService-Info.plist"; sourceTree = "<group>"; };
		E9700DF925BDA65100781212 /* Login.storyboard */ = {isa = PBXFileReference; fileEncoding = 4; lastKnownFileType = file.storyboard; path = Login.storyboard; sourceTree = "<group>"; };
		E9700E2D25BDA90000781212 /* signUpViewController.swift */ = {isa = PBXFileReference; lastKnownFileType = sourcecode.swift; path = signUpViewController.swift; sourceTree = "<group>"; };
		E9700E4C25BDE03000781212 /* FirebaseUserdata.swift */ = {isa = PBXFileReference; lastKnownFileType = sourcecode.swift; path = FirebaseUserdata.swift; sourceTree = "<group>"; };
		E9700E5025BF46FB00781212 /* Signup.storyboard */ = {isa = PBXFileReference; fileEncoding = 4; lastKnownFileType = file.storyboard; path = Signup.storyboard; sourceTree = "<group>"; };
		E99441A525666EC900DCFE39 /* CaseDetails.storyboard */ = {isa = PBXFileReference; fileEncoding = 4; lastKnownFileType = file.storyboard; path = CaseDetails.storyboard; sourceTree = "<group>"; };
		E99441E72566C05400DCFE39 /* News.storyboard */ = {isa = PBXFileReference; fileEncoding = 4; lastKnownFileType = file.storyboard; path = News.storyboard; sourceTree = "<group>"; };
		E99441E82566C05400DCFE39 /* ArticleCell.swift */ = {isa = PBXFileReference; fileEncoding = 4; lastKnownFileType = sourcecode.swift; name = ArticleCell.swift; path = Controllers/News/ArticleCell.swift; sourceTree = "<group>"; };
		E99441E92566C05400DCFE39 /* MenuCell.xib */ = {isa = PBXFileReference; fileEncoding = 4; lastKnownFileType = file.xib; path = MenuCell.xib; sourceTree = "<group>"; };
		E99441EA2566C05400DCFE39 /* ArticleCell.xib */ = {isa = PBXFileReference; fileEncoding = 4; lastKnownFileType = file.xib; path = ArticleCell.xib; sourceTree = "<group>"; };
		E99441EB2566C05400DCFE39 /* MenuCell.swift */ = {isa = PBXFileReference; fileEncoding = 4; lastKnownFileType = sourcecode.swift; path = MenuCell.swift; sourceTree = "<group>"; };
		E99441EC2566C05400DCFE39 /* News.swift */ = {isa = PBXFileReference; fileEncoding = 4; lastKnownFileType = sourcecode.swift; path = News.swift; sourceTree = "<group>"; };
		E99441ED2566C05400DCFE39 /* NewsViewController.swift */ = {isa = PBXFileReference; fileEncoding = 4; lastKnownFileType = sourcecode.swift; name = NewsViewController.swift; path = Controllers/News/NewsViewController.swift; sourceTree = "<group>"; };
		E99442E22568256500DCFE39 /* CaseCell.swift */ = {isa = PBXFileReference; lastKnownFileType = sourcecode.swift; path = CaseCell.swift; sourceTree = "<group>"; };
		E99442E32568256500DCFE39 /* CaseCell.xib */ = {isa = PBXFileReference; lastKnownFileType = file.xib; path = CaseCell.xib; sourceTree = "<group>"; };
		E99DB7CB256EC5EB00E6317D /* TextProcessorService.swift */ = {isa = PBXFileReference; lastKnownFileType = sourcecode.swift; path = TextProcessorService.swift; sourceTree = "<group>"; };
		E99DB7CE256EC60500E6317D /* ImageDownloaderService.swift */ = {isa = PBXFileReference; lastKnownFileType = sourcecode.swift; path = ImageDownloaderService.swift; sourceTree = "<group>"; };
		E9A14358256A949A00A370F4 /* VideoCell.swift */ = {isa = PBXFileReference; lastKnownFileType = sourcecode.swift; path = VideoCell.swift; sourceTree = "<group>"; };
		E9A14359256A949A00A370F4 /* VideoCell.xib */ = {isa = PBXFileReference; lastKnownFileType = file.xib; path = VideoCell.xib; sourceTree = "<group>"; };
		E9B4C57B25B7495300859A03 /* StyleProvider.swift */ = {isa = PBXFileReference; lastKnownFileType = sourcecode.swift; path = StyleProvider.swift; sourceTree = "<group>"; };
		E9B4C58425B8947F00859A03 /* NetworkService.swift */ = {isa = PBXFileReference; lastKnownFileType = sourcecode.swift; path = NetworkService.swift; sourceTree = "<group>"; };
		E9C8E249256D792100D08966 /* RoundedMediaSource.swift */ = {isa = PBXFileReference; lastKnownFileType = sourcecode.swift; path = RoundedMediaSource.swift; sourceTree = "<group>"; };
		E9D42789254BFF4D000CDF5E /* Covid19.app */ = {isa = PBXFileReference; explicitFileType = wrapper.application; includeInIndex = 0; path = Covid19.app; sourceTree = BUILT_PRODUCTS_DIR; };
		E9D4278C254BFF4D000CDF5E /* AppDelegate.swift */ = {isa = PBXFileReference; lastKnownFileType = sourcecode.swift; path = AppDelegate.swift; sourceTree = "<group>"; };
		E9D4278E254BFF4D000CDF5E /* SceneDelegate.swift */ = {isa = PBXFileReference; lastKnownFileType = sourcecode.swift; path = SceneDelegate.swift; sourceTree = "<group>"; };
		E9D42790254BFF4D000CDF5E /* LoginViewController.swift */ = {isa = PBXFileReference; lastKnownFileType = sourcecode.swift; path = LoginViewController.swift; sourceTree = "<group>"; };
		E9D42795254BFF4F000CDF5E /* Assets.xcassets */ = {isa = PBXFileReference; lastKnownFileType = folder.assetcatalog; path = Assets.xcassets; sourceTree = "<group>"; };
		E9D4279A254BFF4F000CDF5E /* Info.plist */ = {isa = PBXFileReference; lastKnownFileType = text.plist.xml; path = Info.plist; sourceTree = "<group>"; };
		E9D42802254EDAC6000CDF5E /* ProfileViewController.swift */ = {isa = PBXFileReference; lastKnownFileType = sourcecode.swift; path = ProfileViewController.swift; sourceTree = "<group>"; };
		E9D42809254EE267000CDF5E /* CasesViewController.swift */ = {isa = PBXFileReference; lastKnownFileType = sourcecode.swift; path = CasesViewController.swift; sourceTree = "<group>"; };
		E9D42817254F061D000CDF5E /* CaseDetailsViewController.swift */ = {isa = PBXFileReference; lastKnownFileType = sourcecode.swift; path = CaseDetailsViewController.swift; sourceTree = "<group>"; };
		E9D75C7D256944FC000A6086 /* Video.storyboard */ = {isa = PBXFileReference; lastKnownFileType = file.storyboard; path = Video.storyboard; sourceTree = "<group>"; };
		E9D75C8025694AC6000A6086 /* VideosViewController.swift */ = {isa = PBXFileReference; lastKnownFileType = sourcecode.swift; path = VideosViewController.swift; sourceTree = "<group>"; };
		E9D75C8425695035000A6086 /* Video.swift */ = {isa = PBXFileReference; lastKnownFileType = sourcecode.swift; path = Video.swift; sourceTree = "<group>"; };
		E9D75C8B25697D96000A6086 /* SafariService.swift */ = {isa = PBXFileReference; lastKnownFileType = sourcecode.swift; path = SafariService.swift; sourceTree = "<group>"; };
		E9EBD587255ED45C00B42B93 /* KeychainUserdataService.swift */ = {isa = PBXFileReference; lastKnownFileType = sourcecode.swift; path = KeychainUserdataService.swift; sourceTree = "<group>"; };
		E9EBD58D255ED97900B42B93 /* LaunchScreen.storyboard */ = {isa = PBXFileReference; lastKnownFileType = file.storyboard; path = LaunchScreen.storyboard; sourceTree = "<group>"; };
		E9F4D805256D559200425BB3 /* RoundedButton.swift */ = {isa = PBXFileReference; lastKnownFileType = sourcecode.swift; path = RoundedButton.swift; sourceTree = "<group>"; };
		E9F4D809256D5B2800425BB3 /* ColoredText.swift */ = {isa = PBXFileReference; lastKnownFileType = sourcecode.swift; path = ColoredText.swift; sourceTree = "<group>"; };
		E9F5F70D255ECDEC00D3966C /* Profile.storyboard */ = {isa = PBXFileReference; fileEncoding = 4; lastKnownFileType = file.storyboard; path = Profile.storyboard; sourceTree = "<group>"; };
/* End PBXFileReference section */

/* Begin PBXFrameworksBuildPhase section */
		E9D42786254BFF4D000CDF5E /* Frameworks */ = {
			isa = PBXFrameworksBuildPhase;
			buildActionMask = 2147483647;
			files = (
				9D081C25EC9A7E84F1E9B3A7 /* Pods_Covid19.framework in Frameworks */,
			);
			runOnlyForDeploymentPostprocessing = 0;
		};
/* End PBXFrameworksBuildPhase section */

/* Begin PBXGroup section */
		216FA48F8543B70381BAFC13 /* Frameworks */ = {
			isa = PBXGroup;
			children = (
				2099E0BE8F68B867F069126C /* Pods_Covid19.framework */,
			);
			name = Frameworks;
			sourceTree = "<group>";
		};
		AACB9F700AC20D26EDB9BDFF /* Pods */ = {
			isa = PBXGroup;
			children = (
				5062B818857154D7D53E6DCE /* Pods-Covid19.debug.xcconfig */,
				4F1006F9C60C0586671D55D6 /* Pods-Covid19.release.xcconfig */,
			);
			path = Pods;
			sourceTree = "<group>";
		};
		E92C137525544C2700FAB7BD /* Login */ = {
			isa = PBXGroup;
			children = (
				E9D42790254BFF4D000CDF5E /* LoginViewController.swift */,
				E9700E2D25BDA90000781212 /* signUpViewController.swift */,
			);
			path = Login;
			sourceTree = "<group>";
		};
		E9700CE325BAFB3600781212 /* Views */ = {
			isa = PBXGroup;
			children = (
				E945F642255EE03700BD5293 /* Main.storyboard */,
				E9700DF925BDA65100781212 /* Login.storyboard */,
				E9700E5025BF46FB00781212 /* Signup.storyboard */,
				E99441E92566C05400DCFE39 /* MenuCell.xib */,
				E9A14359256A949A00A370F4 /* VideoCell.xib */,
				E9D75C7D256944FC000A6086 /* Video.storyboard */,
				E99441EA2566C05400DCFE39 /* ArticleCell.xib */,
				E99441E72566C05400DCFE39 /* News.storyboard */,
				E99442E32568256500DCFE39 /* CaseCell.xib */,
				E945F646255EE05000BD5293 /* Cases.storyboard */,
				E99441A525666EC900DCFE39 /* CaseDetails.storyboard */,
				E9F5F70D255ECDEC00D3966C /* Profile.storyboard */,
			);
			path = Views;
			sourceTree = "<group>";
		};
		E9794F4B25C2F87F000BE3ED /* Userdata */ = {
			isa = PBXGroup;
			children = (
				E92A5CDD25AE05AF00BFAF70 /* UserFieldsChecker.swift */,
				E9700E4C25BDE03000781212 /* FirebaseUserdata.swift */,
				E9EBD587255ED45C00B42B93 /* KeychainUserdataService.swift */,
			);
			path = Userdata;
			sourceTree = "<group>";
		};
		E99DB7D2256EC62D00E6317D /* Services */ = {
			isa = PBXGroup;
			children = (
				E99DB7D8256EC73300E6317D /* UIcustomizers */,
				E9794F4B25C2F87F000BE3ED /* Userdata */,
				E99DB7CE256EC60500E6317D /* ImageDownloaderService.swift */,
				E9D75C8B25697D96000A6086 /* SafariService.swift */,
				E99DB7CB256EC5EB00E6317D /* TextProcessorService.swift */,
				E9B4C58425B8947F00859A03 /* NetworkService.swift */,
				E945F1BE25B9EC500019F6A1 /* EventsManager.swift */,
				E9700CF325BC57C900781212 /* LoggerService.swift */,
			);
			path = Services;
			sourceTree = "<group>";
		};
		E99DB7D8256EC73300E6317D /* UIcustomizers */ = {
			isa = PBXGroup;
			children = (
				E9F4D805256D559200425BB3 /* RoundedButton.swift */,
				E9C8E249256D792100D08966 /* RoundedMediaSource.swift */,
				E9F4D809256D5B2800425BB3 /* ColoredText.swift */,
				E9B4C57B25B7495300859A03 /* StyleProvider.swift */,
			);
			path = UIcustomizers;
			sourceTree = "<group>";
		};
		E9B4C58925B8ABE200859A03 /* Controllers */ = {
			isa = PBXGroup;
			children = (
				E99441EB2566C05400DCFE39 /* MenuCell.swift */,
				E92C137525544C2700FAB7BD /* Login */,
				E9D75C7C256944D2000A6086 /* Video */,
				E9D4282A25518991000CDF5E /* News */,
				E9D4280C254EEF7C000CDF5E /* Cases */,
				E9F5F712255ECE2E00D3966C /* Profile */,
			);
			path = Controllers;
			sourceTree = "<group>";
		};
		E9B4C58A25B8AC6900859A03 /* Models */ = {
			isa = PBXGroup;
			children = (
				E92C13712554495500FAB7BD /* Userdata.swift */,
				E9D75C8425695035000A6086 /* Video.swift */,
				E99441EC2566C05400DCFE39 /* News.swift */,
				E939E00C25619DD100B65AF8 /* Case.swift */,
			);
			path = Models;
			sourceTree = "<group>";
		};
		E9D42780254BFF4D000CDF5E = {
			isa = PBXGroup;
			children = (
				E9D4278B254BFF4D000CDF5E /* Covid19 */,
				E9D4278A254BFF4D000CDF5E /* Products */,
				AACB9F700AC20D26EDB9BDFF /* Pods */,
				216FA48F8543B70381BAFC13 /* Frameworks */,
			);
			sourceTree = "<group>";
		};
		E9D4278A254BFF4D000CDF5E /* Products */ = {
			isa = PBXGroup;
			children = (
				E9D42789254BFF4D000CDF5E /* Covid19.app */,
			);
			name = Products;
			sourceTree = "<group>";
		};
		E9D4278B254BFF4D000CDF5E /* Covid19 */ = {
			isa = PBXGroup;
			children = (
				E9F5F723255ED28E00D3966C /* Main */,
				E9B4C58A25B8AC6900859A03 /* Models */,
				E99DB7D2256EC62D00E6317D /* Services */,
				E9B4C58925B8ABE200859A03 /* Controllers */,
				E9700CE325BAFB3600781212 /* Views */,
				E9F5F71C255ECFEE00D3966C /* Resources */,
				E9EBD58A255ED89E00B42B93 /* Settings */,
			);
			path = Covid19;
			sourceTree = "<group>";
		};
		E9D4280C254EEF7C000CDF5E /* Cases */ = {
			isa = PBXGroup;
			children = (
				E99442E22568256500DCFE39 /* CaseCell.swift */,
				E9D42817254F061D000CDF5E /* CaseDetailsViewController.swift */,
				E9D42809254EE267000CDF5E /* CasesViewController.swift */,
			);
			path = Cases;
			sourceTree = "<group>";
		};
		E9D4282A25518991000CDF5E /* News */ = {
			isa = PBXGroup;
			children = (
				E99441E82566C05400DCFE39 /* ArticleCell.swift */,
				E99441ED2566C05400DCFE39 /* NewsViewController.swift */,
			);
			name = News;
			path = ..;
			sourceTree = "<group>";
		};
		E9D75C7C256944D2000A6086 /* Video */ = {
			isa = PBXGroup;
			children = (
				E9A14358256A949A00A370F4 /* VideoCell.swift */,
				E9D75C8025694AC6000A6086 /* VideosViewController.swift */,
			);
			path = Video;
			sourceTree = "<group>";
		};
		E9EBD58A255ED89E00B42B93 /* Settings */ = {
			isa = PBXGroup;
			children = (
				E9700DC525BD9C9400781212 /* GoogleService-Info.plist */,
				E9D4279A254BFF4F000CDF5E /* Info.plist */,
			);
			path = Settings;
			sourceTree = "<group>";
		};
		E9F5F712255ECE2E00D3966C /* Profile */ = {
			isa = PBXGroup;
			children = (
				E9D42802254EDAC6000CDF5E /* ProfileViewController.swift */,
			);
			path = Profile;
			sourceTree = "<group>";
		};
		E9F5F71C255ECFEE00D3966C /* Resources */ = {
			isa = PBXGroup;
			children = (
				E9D42795254BFF4F000CDF5E /* Assets.xcassets */,
			);
			path = Resources;
			sourceTree = "<group>";
		};
		E9F5F723255ED28E00D3966C /* Main */ = {
			isa = PBXGroup;
			children = (
				E9D4278C254BFF4D000CDF5E /* AppDelegate.swift */,
				E9D4278E254BFF4D000CDF5E /* SceneDelegate.swift */,
				E92A5CE925B0C15100BFAF70 /* Dependencies.swift */,
				E9EBD58D255ED97900B42B93 /* LaunchScreen.storyboard */,
			);
			path = Main;
			sourceTree = "<group>";
		};
/* End PBXGroup section */

/* Begin PBXNativeTarget section */
		E9D42788254BFF4D000CDF5E /* Covid19 */ = {
			isa = PBXNativeTarget;
			buildConfigurationList = E9D4279D254BFF4F000CDF5E /* Build configuration list for PBXNativeTarget "Covid19" */;
			buildPhases = (
				057A1C83FD1D903C3BAB276A /* [CP] Check Pods Manifest.lock */,
				E9D42785254BFF4D000CDF5E /* Sources */,
				E9D42786254BFF4D000CDF5E /* Frameworks */,
				E9D42787254BFF4D000CDF5E /* Resources */,
				F74062228406111046B353C0 /* [CP] Embed Pods Frameworks */,
				E9700D3025BC7E5A00781212 /* ShellScript */,
			);
			buildRules = (
			);
			dependencies = (
			);
			name = Covid19;
			productName = Covid19;
			productReference = E9D42789254BFF4D000CDF5E /* Covid19.app */;
			productType = "com.apple.product-type.application";
		};
/* End PBXNativeTarget section */

/* Begin PBXProject section */
		E9D42781254BFF4D000CDF5E /* Project object */ = {
			isa = PBXProject;
			attributes = {
				LastSwiftUpdateCheck = 1210;
				LastUpgradeCheck = 1210;
				TargetAttributes = {
					E9D42788254BFF4D000CDF5E = {
						CreatedOnToolsVersion = 12.1;
					};
				};
			};
			buildConfigurationList = E9D42784254BFF4D000CDF5E /* Build configuration list for PBXProject "Covid19" */;
			compatibilityVersion = "Xcode 9.3";
			developmentRegion = en;
			hasScannedForEncodings = 0;
			knownRegions = (
				en,
				Base,
			);
			mainGroup = E9D42780254BFF4D000CDF5E;
			productRefGroup = E9D4278A254BFF4D000CDF5E /* Products */;
			projectDirPath = "";
			projectRoot = "";
			targets = (
				E9D42788254BFF4D000CDF5E /* Covid19 */,
			);
		};
/* End PBXProject section */

/* Begin PBXResourcesBuildPhase section */
		E9D42787254BFF4D000CDF5E /* Resources */ = {
			isa = PBXResourcesBuildPhase;
			buildActionMask = 2147483647;
			files = (
				E9700DC625BD9C9400781212 /* GoogleService-Info.plist in Resources */,
				E945F647255EE05000BD5293 /* Cases.storyboard in Resources */,
				E9700DFA25BDA65100781212 /* Login.storyboard in Resources */,
				E9EBD58E255ED97900B42B93 /* LaunchScreen.storyboard in Resources */,
				E9F5F70E255ECDEC00D3966C /* Profile.storyboard in Resources */,
				E99441A625666EC900DCFE39 /* CaseDetails.storyboard in Resources */,
				E99441EE2566C05400DCFE39 /* News.storyboard in Resources */,
				E945F643255EE03700BD5293 /* Main.storyboard in Resources */,
				E9D75C7E256944FC000A6086 /* Video.storyboard in Resources */,
				E99442E52568256500DCFE39 /* CaseCell.xib in Resources */,
				E9D42796254BFF4F000CDF5E /* Assets.xcassets in Resources */,
				E9700E5125BF46FB00781212 /* Signup.storyboard in Resources */,
				E9A1435B256A949A00A370F4 /* VideoCell.xib in Resources */,
				E99441F12566C05400DCFE39 /* ArticleCell.xib in Resources */,
				E99441F02566C05400DCFE39 /* MenuCell.xib in Resources */,
			);
			runOnlyForDeploymentPostprocessing = 0;
		};
/* End PBXResourcesBuildPhase section */

/* Begin PBXShellScriptBuildPhase section */
		057A1C83FD1D903C3BAB276A /* [CP] Check Pods Manifest.lock */ = {
			isa = PBXShellScriptBuildPhase;
			buildActionMask = 2147483647;
			files = (
			);
			inputFileListPaths = (
			);
			inputPaths = (
				"${PODS_PODFILE_DIR_PATH}/Podfile.lock",
				"${PODS_ROOT}/Manifest.lock",
			);
			name = "[CP] Check Pods Manifest.lock";
			outputFileListPaths = (
			);
			outputPaths = (
				"$(DERIVED_FILE_DIR)/Pods-Covid19-checkManifestLockResult.txt",
			);
			runOnlyForDeploymentPostprocessing = 0;
			shellPath = /bin/sh;
			shellScript = "diff \"${PODS_PODFILE_DIR_PATH}/Podfile.lock\" \"${PODS_ROOT}/Manifest.lock\" > /dev/null\nif [ $? != 0 ] ; then\n    # print error to STDERR\n    echo \"error: The sandbox is not in sync with the Podfile.lock. Run 'pod install' or update your CocoaPods installation.\" >&2\n    exit 1\nfi\n# This output is used by Xcode 'outputs' to avoid re-running this script phase.\necho \"SUCCESS\" > \"${SCRIPT_OUTPUT_FILE_0}\"\n";
			showEnvVarsInLog = 0;
		};
		E9700D3025BC7E5A00781212 /* ShellScript */ = {
			isa = PBXShellScriptBuildPhase;
			buildActionMask = 2147483647;
			files = (
			);
			inputFileListPaths = (
			);
			inputPaths = (
				"${DWARF_DSYM_FOLDER_PATH}/${DWARF_DSYM_FILE_NAME}/Contents/Resources/DWARF/${TARGET_NAME}",
				"$(SRCROOT)/$(BUILT_PRODUCTS_DIR)/$(INFOPLIST_PATH)",
			);
			outputFileListPaths = (
			);
			outputPaths = (
			);
			runOnlyForDeploymentPostprocessing = 0;
			shellPath = /bin/sh;
			shellScript = "\"${PODS_ROOT}/FirebaseCrashlytics/run\"\n";
		};
		F74062228406111046B353C0 /* [CP] Embed Pods Frameworks */ = {
			isa = PBXShellScriptBuildPhase;
			buildActionMask = 2147483647;
			files = (
			);
			inputFileListPaths = (
				"${PODS_ROOT}/Target Support Files/Pods-Covid19/Pods-Covid19-frameworks-${CONFIGURATION}-input-files.xcfilelist",
			);
			name = "[CP] Embed Pods Frameworks";
			outputFileListPaths = (
				"${PODS_ROOT}/Target Support Files/Pods-Covid19/Pods-Covid19-frameworks-${CONFIGURATION}-output-files.xcfilelist",
			);
			runOnlyForDeploymentPostprocessing = 0;
			shellPath = /bin/sh;
			shellScript = "\"${PODS_ROOT}/Target Support Files/Pods-Covid19/Pods-Covid19-frameworks.sh\"\n";
			showEnvVarsInLog = 0;
		};
/* End PBXShellScriptBuildPhase section */

/* Begin PBXSourcesBuildPhase section */
		E9D42785254BFF4D000CDF5E /* Sources */ = {
			isa = PBXSourcesBuildPhase;
			buildActionMask = 2147483647;
			files = (
				E9D42791254BFF4D000CDF5E /* LoginViewController.swift in Sources */,
				E9D4278D254BFF4D000CDF5E /* AppDelegate.swift in Sources */,
				E939E00D25619DD100B65AF8 /* Case.swift in Sources */,
				E9B4C57C25B7495300859A03 /* StyleProvider.swift in Sources */,
				E99DB7CC256EC5EB00E6317D /* TextProcessorService.swift in Sources */,
				E9700E2E25BDA90000781212 /* signUpViewController.swift in Sources */,
				E9D42803254EDAC6000CDF5E /* ProfileViewController.swift in Sources */,
				E92A5CEA25B0C15100BFAF70 /* Dependencies.swift in Sources */,
				E9D75C8C25697D96000A6086 /* SafariService.swift in Sources */,
				E99DB7CF256EC60500E6317D /* ImageDownloaderService.swift in Sources */,
				E9EBD588255ED45C00B42B93 /* KeychainUserdataService.swift in Sources */,
				E99441F22566C05400DCFE39 /* MenuCell.swift in Sources */,
				E9D75C8125694AC6000A6086 /* VideosViewController.swift in Sources */,
				E9700CF425BC57C900781212 /* LoggerService.swift in Sources */,
				E9D75C8525695035000A6086 /* Video.swift in Sources */,
				E9D42818254F061D000CDF5E /* CaseDetailsViewController.swift in Sources */,
				E99441F42566C05400DCFE39 /* NewsViewController.swift in Sources */,
				E92A5CDE25AE05AF00BFAF70 /* UserFieldsChecker.swift in Sources */,
				E9B4C58525B8947F00859A03 /* NetworkService.swift in Sources */,
				E9F4D806256D559200425BB3 /* RoundedButton.swift in Sources */,
				E9A1435A256A949A00A370F4 /* VideoCell.swift in Sources */,
				E9D4278F254BFF4D000CDF5E /* SceneDelegate.swift in Sources */,
				E99441F32566C05400DCFE39 /* News.swift in Sources */,
				E945F1BF25B9EC500019F6A1 /* EventsManager.swift in Sources */,
				E9C8E24A256D792100D08966 /* RoundedMediaSource.swift in Sources */,
				E99441EF2566C05400DCFE39 /* ArticleCell.swift in Sources */,
				E9700E4D25BDE03000781212 /* FirebaseUserdata.swift in Sources */,
				E9F4D80A256D5B2800425BB3 /* ColoredText.swift in Sources */,
				E9D4280A254EE267000CDF5E /* CasesViewController.swift in Sources */,
				E92C13722554495500FAB7BD /* Userdata.swift in Sources */,
				E99442E42568256500DCFE39 /* CaseCell.swift in Sources */,
			);
			runOnlyForDeploymentPostprocessing = 0;
		};
/* End PBXSourcesBuildPhase section */

/* Begin XCBuildConfiguration section */
		E9D4279B254BFF4F000CDF5E /* Debug */ = {
			isa = XCBuildConfiguration;
			buildSettings = {
				ALWAYS_SEARCH_USER_PATHS = NO;
				CLANG_ANALYZER_NONNULL = YES;
				CLANG_ANALYZER_NUMBER_OBJECT_CONVERSION = YES_AGGRESSIVE;
				CLANG_CXX_LANGUAGE_STANDARD = "gnu++14";
				CLANG_CXX_LIBRARY = "libc++";
				CLANG_ENABLE_MODULES = YES;
				CLANG_ENABLE_OBJC_ARC = YES;
				CLANG_ENABLE_OBJC_WEAK = YES;
				CLANG_WARN_BLOCK_CAPTURE_AUTORELEASING = YES;
				CLANG_WARN_BOOL_CONVERSION = YES;
				CLANG_WARN_COMMA = YES;
				CLANG_WARN_CONSTANT_CONVERSION = YES;
				CLANG_WARN_DEPRECATED_OBJC_IMPLEMENTATIONS = YES;
				CLANG_WARN_DIRECT_OBJC_ISA_USAGE = YES_ERROR;
				CLANG_WARN_DOCUMENTATION_COMMENTS = YES;
				CLANG_WARN_EMPTY_BODY = YES;
				CLANG_WARN_ENUM_CONVERSION = YES;
				CLANG_WARN_INFINITE_RECURSION = YES;
				CLANG_WARN_INT_CONVERSION = YES;
				CLANG_WARN_NON_LITERAL_NULL_CONVERSION = YES;
				CLANG_WARN_OBJC_IMPLICIT_RETAIN_SELF = YES;
				CLANG_WARN_OBJC_LITERAL_CONVERSION = YES;
				CLANG_WARN_OBJC_ROOT_CLASS = YES_ERROR;
				CLANG_WARN_QUOTED_INCLUDE_IN_FRAMEWORK_HEADER = YES;
				CLANG_WARN_RANGE_LOOP_ANALYSIS = YES;
				CLANG_WARN_STRICT_PROTOTYPES = YES;
				CLANG_WARN_SUSPICIOUS_MOVE = YES;
				CLANG_WARN_UNGUARDED_AVAILABILITY = YES_AGGRESSIVE;
				CLANG_WARN_UNREACHABLE_CODE = YES;
				CLANG_WARN__DUPLICATE_METHOD_MATCH = YES;
				COPY_PHASE_STRIP = NO;
				DEBUG_INFORMATION_FORMAT = dwarf;
				ENABLE_STRICT_OBJC_MSGSEND = YES;
				ENABLE_TESTABILITY = YES;
				GCC_C_LANGUAGE_STANDARD = gnu11;
				GCC_DYNAMIC_NO_PIC = NO;
				GCC_NO_COMMON_BLOCKS = YES;
				GCC_OPTIMIZATION_LEVEL = 0;
				GCC_PREPROCESSOR_DEFINITIONS = (
					"DEBUG=1",
					"$(inherited)",
				);
				GCC_WARN_64_TO_32_BIT_CONVERSION = YES;
				GCC_WARN_ABOUT_RETURN_TYPE = YES_ERROR;
				GCC_WARN_UNDECLARED_SELECTOR = YES;
				GCC_WARN_UNINITIALIZED_AUTOS = YES_AGGRESSIVE;
				GCC_WARN_UNUSED_FUNCTION = YES;
				GCC_WARN_UNUSED_VARIABLE = YES;
				IPHONEOS_DEPLOYMENT_TARGET = 13.0;
				MTL_ENABLE_DEBUG_INFO = INCLUDE_SOURCE;
				MTL_FAST_MATH = YES;
				ONLY_ACTIVE_ARCH = YES;
				SDKROOT = iphoneos;
				SWIFT_ACTIVE_COMPILATION_CONDITIONS = DEBUG;
				SWIFT_OPTIMIZATION_LEVEL = "-Onone";
			};
			name = Debug;
		};
		E9D4279C254BFF4F000CDF5E /* Release */ = {
			isa = XCBuildConfiguration;
			buildSettings = {
				ALWAYS_SEARCH_USER_PATHS = NO;
				CLANG_ANALYZER_NONNULL = YES;
				CLANG_ANALYZER_NUMBER_OBJECT_CONVERSION = YES_AGGRESSIVE;
				CLANG_CXX_LANGUAGE_STANDARD = "gnu++14";
				CLANG_CXX_LIBRARY = "libc++";
				CLANG_ENABLE_MODULES = YES;
				CLANG_ENABLE_OBJC_ARC = YES;
				CLANG_ENABLE_OBJC_WEAK = YES;
				CLANG_WARN_BLOCK_CAPTURE_AUTORELEASING = YES;
				CLANG_WARN_BOOL_CONVERSION = YES;
				CLANG_WARN_COMMA = YES;
				CLANG_WARN_CONSTANT_CONVERSION = YES;
				CLANG_WARN_DEPRECATED_OBJC_IMPLEMENTATIONS = YES;
				CLANG_WARN_DIRECT_OBJC_ISA_USAGE = YES_ERROR;
				CLANG_WARN_DOCUMENTATION_COMMENTS = YES;
				CLANG_WARN_EMPTY_BODY = YES;
				CLANG_WARN_ENUM_CONVERSION = YES;
				CLANG_WARN_INFINITE_RECURSION = YES;
				CLANG_WARN_INT_CONVERSION = YES;
				CLANG_WARN_NON_LITERAL_NULL_CONVERSION = YES;
				CLANG_WARN_OBJC_IMPLICIT_RETAIN_SELF = YES;
				CLANG_WARN_OBJC_LITERAL_CONVERSION = YES;
				CLANG_WARN_OBJC_ROOT_CLASS = YES_ERROR;
				CLANG_WARN_QUOTED_INCLUDE_IN_FRAMEWORK_HEADER = YES;
				CLANG_WARN_RANGE_LOOP_ANALYSIS = YES;
				CLANG_WARN_STRICT_PROTOTYPES = YES;
				CLANG_WARN_SUSPICIOUS_MOVE = YES;
				CLANG_WARN_UNGUARDED_AVAILABILITY = YES_AGGRESSIVE;
				CLANG_WARN_UNREACHABLE_CODE = YES;
				CLANG_WARN__DUPLICATE_METHOD_MATCH = YES;
				COPY_PHASE_STRIP = NO;
				DEBUG_INFORMATION_FORMAT = "dwarf-with-dsym";
				ENABLE_NS_ASSERTIONS = NO;
				ENABLE_STRICT_OBJC_MSGSEND = YES;
				GCC_C_LANGUAGE_STANDARD = gnu11;
				GCC_NO_COMMON_BLOCKS = YES;
				GCC_WARN_64_TO_32_BIT_CONVERSION = YES;
				GCC_WARN_ABOUT_RETURN_TYPE = YES_ERROR;
				GCC_WARN_UNDECLARED_SELECTOR = YES;
				GCC_WARN_UNINITIALIZED_AUTOS = YES_AGGRESSIVE;
				GCC_WARN_UNUSED_FUNCTION = YES;
				GCC_WARN_UNUSED_VARIABLE = YES;
				IPHONEOS_DEPLOYMENT_TARGET = 13.0;
				MTL_ENABLE_DEBUG_INFO = NO;
				MTL_FAST_MATH = YES;
				SDKROOT = iphoneos;
				SWIFT_COMPILATION_MODE = wholemodule;
				SWIFT_OPTIMIZATION_LEVEL = "-O";
				VALIDATE_PRODUCT = YES;
			};
			name = Release;
		};
		E9D4279E254BFF4F000CDF5E /* Debug */ = {
			isa = XCBuildConfiguration;
			baseConfigurationReference = 5062B818857154D7D53E6DCE /* Pods-Covid19.debug.xcconfig */;
			buildSettings = {
				ASSETCATALOG_COMPILER_APPICON_NAME = AppIcon;
				ASSETCATALOG_COMPILER_GLOBAL_ACCENT_COLOR_NAME = AccentColor;
				CODE_SIGN_STYLE = Automatic;
				DEBUG_INFORMATION_FORMAT = "dwarf-with-dsym";
				DEVELOPMENT_ASSET_PATHS = Covid19/Resources/Assets.xcassets;
				DEVELOPMENT_TEAM = H4K78UGH6X;
				INFOPLIST_FILE = "$(SRCROOT)/Covid19/Settings/Info.plist";
				IPHONEOS_DEPLOYMENT_TARGET = 13.0;
				LD_RUNPATH_SEARCH_PATHS = (
					"$(inherited)",
					"@executable_path/Frameworks",
				);
				PRODUCT_BUNDLE_IDENTIFIER = "com.Pavel-Ivanovski.Covid19";
				PRODUCT_NAME = "$(TARGET_NAME)";
				SWIFT_VERSION = 5.0;
				TARGETED_DEVICE_FAMILY = 1;
			};
			name = Debug;
		};
		E9D4279F254BFF4F000CDF5E /* Release */ = {
			isa = XCBuildConfiguration;
			baseConfigurationReference = 4F1006F9C60C0586671D55D6 /* Pods-Covid19.release.xcconfig */;
			buildSettings = {
				ASSETCATALOG_COMPILER_APPICON_NAME = AppIcon;
				ASSETCATALOG_COMPILER_GLOBAL_ACCENT_COLOR_NAME = AccentColor;
				CODE_SIGN_STYLE = Automatic;
				DEVELOPMENT_ASSET_PATHS = Covid19/Resources/Assets.xcassets;
				DEVELOPMENT_TEAM = H4K78UGH6X;
				INFOPLIST_FILE = "$(SRCROOT)/Covid19/Settings/Info.plist";
				IPHONEOS_DEPLOYMENT_TARGET = 13.0;
				LD_RUNPATH_SEARCH_PATHS = (
					"$(inherited)",
					"@executable_path/Frameworks",
				);
				PRODUCT_BUNDLE_IDENTIFIER = "com.Pavel-Ivanovski.Covid19";
				PRODUCT_NAME = "$(TARGET_NAME)";
				SWIFT_VERSION = 5.0;
				TARGETED_DEVICE_FAMILY = 1;
			};
			name = Release;
		};
/* End XCBuildConfiguration section */

/* Begin XCConfigurationList section */
		E9D42784254BFF4D000CDF5E /* Build configuration list for PBXProject "Covid19" */ = {
			isa = XCConfigurationList;
			buildConfigurations = (
				E9D4279B254BFF4F000CDF5E /* Debug */,
				E9D4279C254BFF4F000CDF5E /* Release */,
			);
			defaultConfigurationIsVisible = 0;
			defaultConfigurationName = Release;
		};
		E9D4279D254BFF4F000CDF5E /* Build configuration list for PBXNativeTarget "Covid19" */ = {
			isa = XCConfigurationList;
			buildConfigurations = (
				E9D4279E254BFF4F000CDF5E /* Debug */,
				E9D4279F254BFF4F000CDF5E /* Release */,
			);
			defaultConfigurationIsVisible = 0;
			defaultConfigurationName = Release;
		};
/* End XCConfigurationList section */
	};
	rootObject = E9D42781254BFF4D000CDF5E /* Project object */;
}
